
Microsoft Visual Studio Solution File, Format Version 12.00
# Visual Studio Version 16
VisualStudioVersion = 16.0.31112.23
MinimumVisualStudioVersion = 10.0.40219.1
Project("{FAE04EC0-301F-11D3-BF4B-00C04F79EFBC}") = "TableFilter", "TableFilter\TableFilter.csproj", "{A8A294B5-460A-4150-B5E4-39A26C5AA36B}"
EndProject
Global
	GlobalSection(SolutionConfigurationPlatforms) = preSolution
		Debug|Any CPU = Debug|Any CPU
		Release|Any CPU = Release|Any CPU
	EndGlobalSection
	GlobalSection(ProjectConfigurationPlatforms) = postSolution
		{A8A294B5-460A-4150-B5E4-39A26C5AA36B}.Debug|Any CPU.ActiveCfg = Debug|Any CPU
		{A8A294B5-460A-4150-B5E4-39A26C5AA36B}.Debug|Any CPU.Build.0 = Debug|Any CPU
		{A8A294B5-460A-4150-B5E4-39A26C5AA36B}.Release|Any CPU.ActiveCfg = Release|Any CPU
		{A8A294B5-460A-4150-B5E4-39A26C5AA36B}.Release|Any CPU.Build.0 = Release|Any CPU
	EndGlobalSection
	GlobalSection(SolutionProperties) = preSolution
		HideSolutionNode = FALSE
	EndGlobalSection
	GlobalSection(ExtensibilityGlobals) = postSolution
		SolutionGuid = {54F8E45A-CDBB-4E30-9C0B-4E058E1A5936}
	EndGlobalSection
EndGlobal
